
Microsoft Visual Studio Solution File, Format Version 12.00
# Visual Studio 14
VisualStudioVersion = 14.0.25123.0
MinimumVisualStudioVersion = 10.0.40219.1
Project("{FAE04EC0-301F-11D3-BF4B-00C04F79EFBC}") = "ODataSampleWebAPI2", "ODataSampleWebAPI2\ODataSampleWebAPI2.csproj", "{2724EF81-10FF-489B-9F03-47033B6EE9A7}"
EndProject
Project("{FAE04EC0-301F-11D3-BF4B-00C04F79EFBC}") = "ODataClient", "ODataClient\ODataClient.csproj", "{D451E775-7692-41C0-96BB-9FA8092F56EA}"
EndProject
Global
	GlobalSection(SolutionConfigurationPlatforms) = preSolution
		Debug|Any CPU = Debug|Any CPU
		Release|Any CPU = Release|Any CPU
	EndGlobalSection
	GlobalSection(ProjectConfigurationPlatforms) = postSolution
		{2724EF81-10FF-489B-9F03-47033B6EE9A7}.Debug|Any CPU.ActiveCfg = Debug|Any CPU
		{2724EF81-10FF-489B-9F03-47033B6EE9A7}.Debug|Any CPU.Build.0 = Debug|Any CPU
		{2724EF81-10FF-489B-9F03-47033B6EE9A7}.Release|Any CPU.ActiveCfg = Release|Any CPU
		{2724EF81-10FF-489B-9F03-47033B6EE9A7}.Release|Any CPU.Build.0 = Release|Any CPU
		{D451E775-7692-41C0-96BB-9FA8092F56EA}.Debug|Any CPU.ActiveCfg = Debug|Any CPU
		{D451E775-7692-41C0-96BB-9FA8092F56EA}.Debug|Any CPU.Build.0 = Debug|Any CPU
		{D451E775-7692-41C0-96BB-9FA8092F56EA}.Release|Any CPU.ActiveCfg = Release|Any CPU
		{D451E775-7692-41C0-96BB-9FA8092F56EA}.Release|Any CPU.Build.0 = Release|Any CPU
	EndGlobalSection
	GlobalSection(SolutionProperties) = preSolution
		HideSolutionNode = FALSE
	EndGlobalSection
EndGlobal
